
Microsoft Visual Studio Solution File, Format Version 12.00
# Visual Studio Version 17
VisualStudioVersion = 17.3.32929.385
MinimumVisualStudioVersion = 10.0.40219.1
Project("{9A19103F-16F7-4668-BE54-9A1E7A4F7556}") = "TestApp", "TestApp\TestApp.csproj", "{3611C65B-D0DC-448D-9842-CEAB8707F3CE}"
EndProject
Project("{FAE04EC0-301F-11D3-BF4B-00C04F79EFBC}") = "Installer", "Installer\Installer.csproj", "{9ED0B90A-9E34-46BF-B91C-F47DAF1D5C6C}"
	ProjectSection(ProjectDependencies) = postProject
		{3611C65B-D0DC-448D-9842-CEAB8707F3CE} = {3611C65B-D0DC-448D-9842-CEAB8707F3CE}
	EndProjectSection
EndProject
Project("{2150E333-8FDC-42A3-9474-1A3956D46DE8}") = "Solution Items", "Solution Items", "{81351AA5-C596-4E50-B7B1-947C5BBC2A67}"
	ProjectSection(SolutionItems) = preProject
		.editorconfig = .editorconfig
	EndProjectSection
EndProject
Global
	GlobalSection(SolutionConfigurationPlatforms) = preSolution
		Debug|Any CPU = Debug|Any CPU
		Release|Any CPU = Release|Any CPU
	EndGlobalSection
	GlobalSection(ProjectConfigurationPlatforms) = postSolution
		{3611C65B-D0DC-448D-9842-CEAB8707F3CE}.Debug|Any CPU.ActiveCfg = Debug|Any CPU
		{3611C65B-D0DC-448D-9842-CEAB8707F3CE}.Debug|Any CPU.Build.0 = Debug|Any CPU
		{3611C65B-D0DC-448D-9842-CEAB8707F3CE}.Release|Any CPU.ActiveCfg = Release|Any CPU
		{3611C65B-D0DC-448D-9842-CEAB8707F3CE}.Release|Any CPU.Build.0 = Release|Any CPU
		{9ED0B90A-9E34-46BF-B91C-F47DAF1D5C6C}.Debug|Any CPU.ActiveCfg = Debug|Any CPU
		{9ED0B90A-9E34-46BF-B91C-F47DAF1D5C6C}.Debug|Any CPU.Build.0 = Debug|Any CPU
		{9ED0B90A-9E34-46BF-B91C-F47DAF1D5C6C}.Release|Any CPU.ActiveCfg = Release|Any CPU
		{9ED0B90A-9E34-46BF-B91C-F47DAF1D5C6C}.Release|Any CPU.Build.0 = Release|Any CPU
	EndGlobalSection
	GlobalSection(SolutionProperties) = preSolution
		HideSolutionNode = FALSE
	EndGlobalSection
	GlobalSection(ExtensibilityGlobals) = postSolution
		SolutionGuid = {33248B21-AC94-4468-8F7E-7A9D0330D61C}
	EndGlobalSection
EndGlobal
